{"SurveyEntry":{"SurveyID":"SV_2bO6IC8kaXI23v8","SurveyName":"TechPT - EDU - Admin Post Social Validity","SurveyDescription":null,"SurveyOwnerID":"UR_6LQU98uGKnACTOt","SurveyBrandID":"cmich","DivisionID":"DV_55fMKHgc4U7VeMR","SurveyLanguage":"EN","SurveyActiveResponseSet":"RS_9uXz5FfRjsnV9R4","SurveyStatus":"Active","SurveyStartDate":"0000-00-00 00:00:00","SurveyExpirationDate":"0000-00-00 00:00:00","SurveyCreationDate":"2024-06-11 15:52:22","CreatorID":"UR_6LQU98uGKnACTOt","LastModified":"2024-10-16 20:37:13","LastAccessed":"0000-00-00 00:00:00","LastActivated":"2024-08-29 09:28:32","Deleted":null},"SurveyElements":[{"SurveyID":"SV_2bO6IC8kaXI23v8","Element":"BL","PrimaryAttribute":"Survey Blocks","SecondaryAttribute":null,"TertiaryAttribute":null,"Payload":[{"Type":"Default","Description":"Goals","ID":"BL_enVPCkllbJWxat0","BlockElements":[{"Type":"Question","QuestionID":"QID1"},{"Type":"Question","QuestionID":"QID10"},{"Type":"Page Break"},{"Type":"Question","QuestionID":"QID4"},{"Type":"Question","QuestionID":"QID11"}]},{"Type":"Trash","Description":"Trash \/ Unused Questions","ID":"BL_9NXcUIEkUZ7Q0dg"},{"Type":"Standard","SubType":"","Description":"Procedures","ID":"BL_71IBFBCf1zPoUnA","BlockElements":[{"Type":"Question","QuestionID":"QID2"},{"Type":"Question","QuestionID":"QID12"},{"Type":"Page Break"},{"Type":"Question","QuestionID":"QID5"},{"Type":"Question","QuestionID":"QID13"},{"Type":"Page Break"},{"Type":"Question","QuestionID":"QID6"},{"Type":"Question","QuestionID":"QID14"}]},{"Type":"Standard","SubType":"","Description":"Outcomes","ID":"BL_3rxWlnXXteAZbN4","BlockElements":[{"Type":"Question","QuestionID":"QID3"},{"Type":"Question","QuestionID":"QID15"},{"Type":"Page Break"},{"Type":"Question","QuestionID":"QID7"},{"Type":"Question","QuestionID":"QID16"},{"Type":"Page Break"},{"Type":"Question","QuestionID":"QID8"},{"Type":"Question","QuestionID":"QID17"}]},{"Type":"Standard","SubType":"","Description":"Intro","ID":"BL_9M74nrd8GbMOB9k","BlockElements":[{"Type":"Question","QuestionID":"QID9"}]},{"Type":"Standard","SubType":"","Description":"Block 4","ID":"BL_51NZ3RuqLCYwcPs","BlockElements":[{"Type":"Question","QuestionID":"QID18"}]}]},{"SurveyID":"SV_2bO6IC8kaXI23v8","Element":"FL","PrimaryAttribute":"Survey Flow","SecondaryAttribute":null,"TertiaryAttribute":null,"Payload":{"Flow":[{"ID":"BL_9M74nrd8GbMOB9k","Type":"Standard","FlowID":"FL_5"},{"ID":"BL_enVPCkllbJWxat0","Type":"Block","FlowID":"FL_2"},{"ID":"BL_71IBFBCf1zPoUnA","Type":"Standard","FlowID":"FL_3"},{"ID":"BL_3rxWlnXXteAZbN4","Type":"Standard","FlowID":"FL_4"},{"ID":"BL_51NZ3RuqLCYwcPs","Type":"Standard","FlowID":"FL_6"}],"Properties":{"Count":6},"FlowID":"FL_1","Type":"Root"}},{"SurveyID":"SV_2bO6IC8kaXI23v8","Element":"PL","PrimaryAttribute":"Preview Link","SecondaryAttribute":null,"TertiaryAttribute":null,"Payload":{"PreviewType":"Brand","PreviewID":"5927b258-8c85-4719-9bac-d0108350b922"}},{"SurveyID":"SV_2bO6IC8kaXI23v8","Element":"SO","PrimaryAttribute":"Survey Options","SecondaryAttribute":null,"TertiaryAttribute":null,"Payload":{"BackButton":"false","SaveAndContinue":"true","SurveyProtection":"PublicSurvey","BallotBoxStuffingPrevention":"false","NoIndex":"Yes","SecureResponseFiles":"true","SurveyExpiration":"None","SurveyTermination":"DefaultMessage","Header":"","Footer":"","ProgressBarDisplay":"None","PartialData":"+1 week","ValidationMessage":"","PreviousButton":"","NextButton":"","SurveyTitle":"Qualtrics Survey | Qualtrics Experience Management","SkinLibrary":"Qualtrics","SkinType":"templated","Skin":{"brandingId":null,"templateId":"*base","overrides":null},"NewScoring":1,"SurveyMetaDescription":"The most powerful, simple and trusted way to gather experience data. Start your journey to experience management and try a free account today.","SurveyName":"TechPT - EDU - Admin Post Social Validity","ProtectSelectionIds":true}},{"SurveyID":"SV_2bO6IC8kaXI23v8","Element":"SCO","PrimaryAttribute":"Scoring","SecondaryAttribute":null,"TertiaryAttribute":null,"Payload":{"ScoringCategories":[],"ScoringCategoryGroups":[],"ScoringSummaryCategory":null,"ScoringSummaryAfterQuestions":0,"ScoringSummaryAfterSurvey":0,"DefaultScoringCategory":null,"AutoScoringCategory":null}},{"SurveyID":"SV_2bO6IC8kaXI23v8","Element":"PROJ","PrimaryAttribute":"CORE","SecondaryAttribute":null,"TertiaryAttribute":"1.1.0","Payload":{"ProjectCategory":"CORE","SchemaVersion":"1.1.0"}},{"SurveyID":"SV_2bO6IC8kaXI23v8","Element":"STAT","PrimaryAttribute":"Survey Statistics","SecondaryAttribute":null,"TertiaryAttribute":null,"Payload":{"MobileCompatible":true,"ID":"Survey Statistics"}},{"SurveyID":"SV_2bO6IC8kaXI23v8","Element":"QC","PrimaryAttribute":"Survey Question Count","SecondaryAttribute":"18","TertiaryAttribute":null,"Payload":null},{"SurveyID":"SV_2bO6IC8kaXI23v8","Element":"RS","PrimaryAttribute":"RS_9uXz5FfRjsnV9R4","SecondaryAttribute":"Default Response Set","TertiaryAttribute":null,"Payload":null},{"SurveyID":"SV_2bO6IC8kaXI23v8","Element":"SQ","PrimaryAttribute":"QID1","SecondaryAttribute":"Placing the slider further to the left indicates less agreement with the statement and to the rig...","TertiaryAttribute":null,"Payload":{"QuestionText":"Placing the slider further to the left indicates less agreement with the statement and to the right indicates more agreement.","DefaultChoices":false,"DataExportTag":"Q1","QuestionID":"QID1","QuestionType":"Slider","Selector":"HSLIDER","DataVisibility":{"Private":false,"Hidden":false},"Configuration":{"QuestionDescriptionOption":"UseText","CSSliderMin":0,"CSSliderMax":100,"GridLines":0,"SnapToGrid":false,"NumDecimals":"0","ShowValue":false,"CustomStart":true,"NotApplicable":false,"MobileFirst":true,"SliderStartPositions":{"1":0.497607655502392332014238718329579569399356842041015625}},"QuestionDescription":"Placing the slider further to the left indicates less agreement with the statement and to the rig...","Choices":{"1":{"Display":"Teaching children to cooperate with adult directions is an important goal"}},"ChoiceOrder":[1],"Validation":{"Settings":{"ForceResponse":"OFF","Type":"None"}},"GradingData":[],"Language":[],"NextChoiceId":2,"NextAnswerId":4,"Labels":{"1":{"Display":"Strongly disagree"},"2":{"Display":"Neutral"},"3":{"Display":"Strongly agree"}}}},{"SurveyID":"SV_2bO6IC8kaXI23v8","Element":"SQ","PrimaryAttribute":"QID2","SecondaryAttribute":"Placing the slider further to the left indicates less agreement with the statement and to the rig...","TertiaryAttribute":null,"Payload":{"QuestionText":"Placing the slider further to the left indicates less agreement with the statement and to the right indicates more agreement.","DefaultChoices":false,"DataExportTag":"Q5","QuestionType":"Slider","Selector":"HSLIDER","DataVisibility":{"Private":false,"Hidden":false},"Configuration":{"QuestionDescriptionOption":"UseText","CSSliderMin":0,"CSSliderMax":100,"GridLines":0,"SnapToGrid":false,"NumDecimals":"0","ShowValue":false,"CustomStart":true,"SliderStartPositions":{"1":0.497607655502392332014238718329579569399356842041015625},"NotApplicable":false,"MobileFirst":true},"QuestionDescription":"Placing the slider further to the left indicates less agreement with the statement and to the rig...","Choices":{"1":{"Display":"Using an app to deliver training is an appropriate and effective method."}},"ChoiceOrder":[1],"Validation":{"Settings":{"ForceResponse":"OFF","Type":"None"}},"GradingData":[],"Language":[],"NextChoiceId":2,"NextAnswerId":4,"Labels":{"1":{"Display":"Strongly disagree"},"2":{"Display":"Neutral"},"3":{"Display":"Strongly agree"}},"QuestionID":"QID2"}},{"SurveyID":"SV_2bO6IC8kaXI23v8","Element":"SQ","PrimaryAttribute":"QID3","SecondaryAttribute":"Placing the slider further to the left indicates less agreement with the statement and to the rig...","TertiaryAttribute":null,"Payload":{"QuestionText":"Placing the slider further to the left indicates less agreement with the statement and to the right indicates more agreement.","DefaultChoices":false,"DataExportTag":"Q11","QuestionType":"Slider","Selector":"HSLIDER","DataVisibility":{"Private":false,"Hidden":false},"Configuration":{"QuestionDescriptionOption":"UseText","CSSliderMin":0,"CSSliderMax":100,"GridLines":0,"SnapToGrid":false,"NumDecimals":"0","ShowValue":false,"CustomStart":true,"SliderStartPositions":{"1":0.497607655502392332014238718329579569399356842041015625},"NotApplicable":false,"MobileFirst":true},"QuestionDescription":"Placing the slider further to the left indicates less agreement with the statement and to the rig...","Choices":{"1":{"Display":"There have been noticeable changes in caregiver direction delivery since the training."}},"ChoiceOrder":[1],"Validation":{"Settings":{"ForceResponse":"OFF","Type":"None"}},"GradingData":[],"Language":[],"NextChoiceId":2,"NextAnswerId":4,"Labels":{"1":{"Display":"Strongly disagree"},"2":{"Display":"Neutral"},"3":{"Display":"Strongly agree"}},"QuestionID":"QID3"}},{"SurveyID":"SV_2bO6IC8kaXI23v8","Element":"SQ","PrimaryAttribute":"QID4","SecondaryAttribute":"Placing the slider further to the left indicates less agreement with the statement and to the rig...","TertiaryAttribute":null,"Payload":{"QuestionText":"Placing the slider further to the left indicates less agreement with the statement and to the right indicates more agreement.","DefaultChoices":false,"DataExportTag":"Q3","QuestionType":"Slider","Selector":"HSLIDER","DataVisibility":{"Private":false,"Hidden":false},"Configuration":{"QuestionDescriptionOption":"UseText","CSSliderMin":0,"CSSliderMax":100,"GridLines":0,"SnapToGrid":false,"NumDecimals":"0","ShowValue":false,"CustomStart":true,"SliderStartPositions":{"1":0.497607655502392332014238718329579569399356842041015625},"NotApplicable":false,"MobileFirst":true},"QuestionDescription":"Placing the slider further to the left indicates less agreement with the statement and to the rig...","Choices":{"1":{"Display":"It is important to provide caregivers with specific techniques to increase child cooperation."}},"ChoiceOrder":[1],"Validation":{"Settings":{"ForceResponse":"OFF","Type":"None"}},"GradingData":[],"Language":[],"NextChoiceId":2,"NextAnswerId":4,"Labels":{"1":{"Display":"Strongly disagree"},"2":{"Display":"Neutral"},"3":{"Display":"Strongly agree"}},"QuestionID":"QID4"}},{"SurveyID":"SV_2bO6IC8kaXI23v8","Element":"SQ","PrimaryAttribute":"QID5","SecondaryAttribute":"Placing the slider further to the left indicates less agreement with the statement and to the rig...","TertiaryAttribute":null,"Payload":{"QuestionText":"Placing the slider further to the left indicates less agreement with the statement and to the right indicates more agreement.","DefaultChoices":false,"DataExportTag":"Q7","QuestionType":"Slider","Selector":"HSLIDER","DataVisibility":{"Private":false,"Hidden":false},"Configuration":{"QuestionDescriptionOption":"UseText","CSSliderMin":0,"CSSliderMax":100,"GridLines":0,"SnapToGrid":false,"NumDecimals":"0","ShowValue":false,"CustomStart":true,"SliderStartPositions":{"1":0.497607655502392332014238718329579569399356842041015625},"NotApplicable":false,"MobileFirst":true},"QuestionDescription":"Placing the slider further to the left indicates less agreement with the statement and to the rig...","Choices":{"1":{"Display":"Caregiver use of rewards to improve child cooperation is appropriate."}},"ChoiceOrder":[1],"Validation":{"Settings":{"ForceResponse":"OFF","Type":"None"}},"GradingData":[],"Language":[],"NextChoiceId":2,"NextAnswerId":4,"Labels":{"1":{"Display":"Strongly disagree"},"2":{"Display":"Neutral"},"3":{"Display":"Strongly agree"}},"QuestionID":"QID5"}},{"SurveyID":"SV_2bO6IC8kaXI23v8","Element":"SQ","PrimaryAttribute":"QID6","SecondaryAttribute":"Placing the slider further to the left indicates less agreement with the statement and to the rig...","TertiaryAttribute":null,"Payload":{"QuestionText":"Placing the slider further to the left indicates less agreement with the statement and to the right indicates more agreement.","DefaultChoices":false,"DataExportTag":"Q9","QuestionType":"Slider","Selector":"HSLIDER","DataVisibility":{"Private":false,"Hidden":false},"Configuration":{"QuestionDescriptionOption":"UseText","CSSliderMin":0,"CSSliderMax":100,"GridLines":0,"SnapToGrid":false,"NumDecimals":"0","ShowValue":false,"CustomStart":true,"SliderStartPositions":{"1":0.497607655502392332014238718329579569399356842041015625},"NotApplicable":false,"MobileFirst":true},"QuestionDescription":"Placing the slider further to the left indicates less agreement with the statement and to the rig...","Choices":{"1":{"Display":"If staff members completed the Effective Direction Checklist training without the researcher's guidance, they could use it independently."}},"ChoiceOrder":[1],"Validation":{"Settings":{"ForceResponse":"OFF","Type":"None"}},"GradingData":[],"Language":[],"NextChoiceId":2,"NextAnswerId":4,"Labels":{"1":{"Display":"Strongly disagree"},"2":{"Display":"Neutral"},"3":{"Display":"Strongly agree"}},"QuestionID":"QID6"}},{"SurveyID":"SV_2bO6IC8kaXI23v8","Element":"SQ","PrimaryAttribute":"QID7","SecondaryAttribute":"Placing the slider further to the left indicates less agreement with the statement and to the rig...","TertiaryAttribute":null,"Payload":{"QuestionText":"Placing the slider further to the left indicates less agreement with the statement and to the right indicates more agreement.","DefaultChoices":false,"DataExportTag":"Q13","QuestionType":"Slider","Selector":"HSLIDER","DataVisibility":{"Private":false,"Hidden":false},"Configuration":{"QuestionDescriptionOption":"UseText","CSSliderMin":0,"CSSliderMax":100,"GridLines":0,"SnapToGrid":false,"NumDecimals":"0","ShowValue":false,"CustomStart":true,"SliderStartPositions":{"1":0.497607655502392332014238718329579569399356842041015625},"NotApplicable":false,"MobileFirst":true},"QuestionDescription":"Placing the slider further to the left indicates less agreement with the statement and to the rig...","Choices":{"1":{"Display":"Focus children participating in the study have improved their ability to follow directions."}},"ChoiceOrder":[1],"Validation":{"Settings":{"ForceResponse":"OFF","Type":"None"}},"GradingData":[],"Language":[],"NextChoiceId":2,"NextAnswerId":4,"Labels":{"1":{"Display":"Strongly disagree"},"2":{"Display":"Neutral"},"3":{"Display":"Strongly agree"}},"QuestionID":"QID7"}},{"SurveyID":"SV_2bO6IC8kaXI23v8","Element":"SQ","PrimaryAttribute":"QID8","SecondaryAttribute":"Placing the slider further to the left indicates less agreement with the statement and to the rig...","TertiaryAttribute":null,"Payload":{"QuestionText":"Placing the slider further to the left indicates less agreement with the statement and to the right indicates more agreement.","DefaultChoices":false,"DataExportTag":"Q15","QuestionType":"Slider","Selector":"HSLIDER","DataVisibility":{"Private":false,"Hidden":false},"Configuration":{"QuestionDescriptionOption":"UseText","CSSliderMin":0,"CSSliderMax":100,"GridLines":0,"SnapToGrid":false,"NumDecimals":"0","ShowValue":false,"CustomStart":true,"SliderStartPositions":{"1":0.497607655502392332014238718329579569399356842041015625},"NotApplicable":false,"MobileFirst":true},"QuestionDescription":"Placing the slider further to the left indicates less agreement with the statement and to the rig...","Choices":{"1":{"Display":"I would recommend the Effective Direction Checklist Training program to other administrators."}},"ChoiceOrder":[1],"Validation":{"Settings":{"ForceResponse":"OFF","Type":"None"}},"GradingData":[],"Language":[],"NextChoiceId":2,"NextAnswerId":4,"Labels":{"1":{"Display":"Strongly disagree"},"2":{"Display":"Neutral"},"3":{"Display":"Strongly agree"}},"QuestionID":"QID8"}},{"SurveyID":"SV_2bO6IC8kaXI23v8","Element":"SQ","PrimaryAttribute":"QID12","SecondaryAttribute":"Please describe any advantages or disadvantages of using an app for training.","TertiaryAttribute":null,"Payload":{"QuestionText":"Please describe any advantages or disadvantages of using an app for training.","DefaultChoices":false,"DataExportTag":"Q6","QuestionID":"QID12","QuestionType":"TE","Selector":"ML","DataVisibility":{"Private":false,"Hidden":false},"Configuration":{"QuestionDescriptionOption":"UseText"},"QuestionDescription":"Please describe any advantages or disadvantages of using an app for training.","Validation":{"Settings":{"ForceResponse":"OFF","Type":"None"}},"GradingData":[],"Language":[],"NextChoiceId":4,"NextAnswerId":1,"SearchSource":{"AllowFreeResponse":"false"}}},{"SurveyID":"SV_2bO6IC8kaXI23v8","Element":"SQ","PrimaryAttribute":"QID10","SecondaryAttribute":"Please describe what makes teaching children to cooperate with adult directions important or unim...","TertiaryAttribute":null,"Payload":{"QuestionText":"Please describe what makes teaching children to cooperate with adult directions important or unimportant.","DefaultChoices":false,"DataExportTag":"Q2","QuestionID":"QID10","QuestionType":"TE","Selector":"ML","DataVisibility":{"Private":false,"Hidden":false},"Configuration":{"QuestionDescriptionOption":"UseText"},"QuestionDescription":"Please describe what makes teaching children to cooperate with adult directions important or unim...","Validation":{"Settings":{"ForceResponse":"OFF","Type":"None"}},"GradingData":[],"Language":[],"NextChoiceId":4,"NextAnswerId":1,"SearchSource":{"AllowFreeResponse":"false"}}},{"SurveyID":"SV_2bO6IC8kaXI23v8","Element":"SQ","PrimaryAttribute":"QID18","SecondaryAttribute":"Please share any other feedback here:","TertiaryAttribute":null,"Payload":{"QuestionText":"Please share any other feedback here:","DefaultChoices":false,"DataExportTag":"Q18","QuestionType":"TE","Selector":"ML","DataVisibility":{"Private":false,"Hidden":false},"Configuration":{"QuestionDescriptionOption":"UseText"},"QuestionDescription":"Please share any other feedback here:","Validation":{"Settings":{"ForceResponse":"OFF","Type":"None"}},"GradingData":[],"Language":[],"NextChoiceId":4,"NextAnswerId":1,"SearchSource":{"AllowFreeResponse":"false"},"QuestionID":"QID18"}},{"SurveyID":"SV_2bO6IC8kaXI23v8","Element":"SQ","PrimaryAttribute":"QID13","SecondaryAttribute":"What are your thoughts on the appropriateness of using rewards (e.g., food, stickers) to increase...","TertiaryAttribute":null,"Payload":{"QuestionText":"What are your thoughts on the appropriateness of using rewards (e.g., food, stickers) to increase child cooperation?","DefaultChoices":false,"DataExportTag":"Q8","QuestionID":"QID13","QuestionType":"TE","Selector":"ML","DataVisibility":{"Private":false,"Hidden":false},"Configuration":{"QuestionDescriptionOption":"UseText"},"QuestionDescription":"What are your thoughts on the appropriateness of using rewards (e.g., food, stickers) to increase...","Validation":{"Settings":{"ForceResponse":"OFF","Type":"None"}},"GradingData":[],"Language":[],"NextChoiceId":4,"NextAnswerId":1,"SearchSource":{"AllowFreeResponse":"false"}}},{"SurveyID":"SV_2bO6IC8kaXI23v8","Element":"SQ","PrimaryAttribute":"QID15","SecondaryAttribute":"What caregiver behaviors have you observed?","TertiaryAttribute":null,"Payload":{"QuestionText":"What caregiver behaviors have you observed?","DefaultChoices":false,"DataExportTag":"Q12","QuestionID":"QID15","QuestionType":"TE","Selector":"ML","DataVisibility":{"Private":false,"Hidden":false},"Configuration":{"QuestionDescriptionOption":"UseText"},"QuestionDescription":"What caregiver behaviors have you observed?","Validation":{"Settings":{"ForceResponse":"OFF","Type":"None"}},"GradingData":[],"Language":[],"NextChoiceId":4,"NextAnswerId":1,"SearchSource":{"AllowFreeResponse":"false"}}},{"SurveyID":"SV_2bO6IC8kaXI23v8","Element":"SQ","PrimaryAttribute":"QID16","SecondaryAttribute":"What changes in child behavior have you noticed?","TertiaryAttribute":null,"Payload":{"QuestionText":"What changes in child behavior have you noticed?","DefaultChoices":false,"DataExportTag":"Q14","QuestionID":"QID16","QuestionType":"TE","Selector":"ML","DataVisibility":{"Private":false,"Hidden":false},"Configuration":{"QuestionDescriptionOption":"UseText"},"QuestionDescription":"What changes in child behavior have you noticed?","Validation":{"Settings":{"ForceResponse":"OFF","Type":"None"}},"GradingData":[],"Language":[],"NextChoiceId":4,"NextAnswerId":1,"SearchSource":{"AllowFreeResponse":"false"}}},{"SurveyID":"SV_2bO6IC8kaXI23v8","Element":"SQ","PrimaryAttribute":"QID14","SecondaryAttribute":"What factors would influence the ability of staff members to use the Effective Direction Checklis...","TertiaryAttribute":null,"Payload":{"QuestionText":"What factors would influence the ability of staff members to use the Effective Direction Checklist training independently?","DefaultChoices":false,"DataExportTag":"Q10","QuestionID":"QID14","QuestionType":"TE","Selector":"ML","DataVisibility":{"Private":false,"Hidden":false},"Configuration":{"QuestionDescriptionOption":"UseText"},"QuestionDescription":"What factors would influence the ability of staff members to use the Effective Direction Checklis...","Validation":{"Settings":{"ForceResponse":"OFF","Type":"None"}},"GradingData":[],"Language":[],"NextChoiceId":4,"NextAnswerId":1,"SearchSource":{"AllowFreeResponse":"false"}}},{"SurveyID":"SV_2bO6IC8kaXI23v8","Element":"SQ","PrimaryAttribute":"QID17","SecondaryAttribute":"What three things would you tell others about the training program?","TertiaryAttribute":null,"Payload":{"QuestionText":"What three things would you tell others about the training program?","DefaultChoices":false,"DataExportTag":"Q16","QuestionID":"QID17","QuestionType":"TE","Selector":"ML","DataVisibility":{"Private":false,"Hidden":false},"Configuration":{"QuestionDescriptionOption":"UseText"},"QuestionDescription":"What three things would you tell others about the training program?","Validation":{"Settings":{"ForceResponse":"OFF","Type":"None"}},"GradingData":[],"Language":[],"NextChoiceId":4,"NextAnswerId":1,"SearchSource":{"AllowFreeResponse":"false"}}},{"SurveyID":"SV_2bO6IC8kaXI23v8","Element":"SQ","PrimaryAttribute":"QID11","SecondaryAttribute":"Why do you believe it is important or unimportant to provide caregivers with specific techniques...","TertiaryAttribute":null,"Payload":{"QuestionText":"Why do you believe it is important or unimportant to provide caregivers with specific techniques to increase child cooperation?","DefaultChoices":false,"DataExportTag":"Q4","QuestionID":"QID11","QuestionType":"TE","Selector":"ML","DataVisibility":{"Private":false,"Hidden":false},"Configuration":{"QuestionDescriptionOption":"UseText"},"QuestionDescription":"Why do you believe it is important or unimportant to provide caregivers with specific techniques...","Validation":{"Settings":{"ForceResponse":"OFF","Type":"None"}},"GradingData":[],"Language":[],"NextChoiceId":4,"NextAnswerId":1,"SearchSource":{"AllowFreeResponse":"false"}}},{"SurveyID":"SV_2bO6IC8kaXI23v8","Element":"SQ","PrimaryAttribute":"QID9","SecondaryAttribute":"Your input is valuable. You will be asked to indicate your level of agreement with a few statemen...","TertiaryAttribute":null,"Payload":{"QuestionText":"Your input is valuable.<br><br>You will be asked to indicate your level of agreement with a few statements. Move the slider on each page to indicate your agreement.<br><br>You will also be asked to provide a brief written response to a few questions.<br>","DefaultChoices":false,"DataExportTag":"Q9","QuestionType":"DB","Selector":"TB","DataVisibility":{"Private":false,"Hidden":false},"Configuration":{"QuestionDescriptionOption":"UseText"},"QuestionDescription":"Your input is valuable. You will be asked to indicate your level of agreement with a few statemen...","ChoiceOrder":[],"Validation":{"Settings":{"Type":"None"}},"GradingData":[],"Language":[],"NextChoiceId":4,"NextAnswerId":1,"QuestionID":"QID9"}}]}