{"SurveyEntry":{"SurveyID":"SV_bmiHSXmjz300adE","SurveyName":"2023-247 TechPT - Debriefing Survey","SurveyDescription":null,"SurveyOwnerID":"UR_6LQU98uGKnACTOt","SurveyBrandID":"cmich","DivisionID":"DV_55fMKHgc4U7VeMR","SurveyLanguage":"EN","SurveyActiveResponseSet":"RS_4MdE4y7lNI5gKHA","SurveyStatus":"Inactive","SurveyStartDate":"0000-00-00 00:00:00","SurveyExpirationDate":"0000-00-00 00:00:00","SurveyCreationDate":"2023-11-06 12:51:39","CreatorID":"UR_6LQU98uGKnACTOt","LastModified":"2024-12-04 10:44:08","LastAccessed":"0000-00-00 00:00:00","LastActivated":"2024-08-14 06:36:03","Deleted":null},"SurveyElements":[{"SurveyID":"SV_bmiHSXmjz300adE","Element":"BL","PrimaryAttribute":"Survey Blocks","SecondaryAttribute":null,"TertiaryAttribute":null,"Payload":{"1":{"Type":"Trash","Description":"Trash \/ Unused Questions","ID":"BL_394SWLQiIoFQDnE","BlockElements":[{"Type":"Question","QuestionID":"QID6"},{"Type":"Question","QuestionID":"QID7"},{"Type":"Question","QuestionID":"QID8"},{"Type":"Question","QuestionID":"QID9"},{"Type":"Question","QuestionID":"QID10"},{"Type":"Question","QuestionID":"QID11"},{"Type":"Question","QuestionID":"QID12"},{"Type":"Question","QuestionID":"QID13"},{"Type":"Question","QuestionID":"QID14"},{"Type":"Question","QuestionID":"QID15"},{"Type":"Question","QuestionID":"QID16"},{"Type":"Question","QuestionID":"QID1"},{"Type":"Question","QuestionID":"QID17"},{"Type":"Question","QuestionID":"QID18"},{"Type":"Question","QuestionID":"QID19"},{"Type":"Question","QuestionID":"QID20"},{"Type":"Question","QuestionID":"QID25"}]},"2":{"Type":"Standard","SubType":"","Description":"Caregiver Consent Documentation","ID":"BL_3syqyWnPD2IKSFM","BlockElements":[{"Type":"Question","QuestionID":"QID2"},{"Type":"Question","QuestionID":"QID3"},{"Type":"Question","QuestionID":"QID4"},{"Type":"Question","QuestionID":"QID23"},{"Type":"Question","QuestionID":"QID24"},{"Type":"Question","QuestionID":"QID26"},{"Type":"Question","QuestionID":"QID27"},{"Type":"Question","QuestionID":"QID5"}]},"3":{"Type":"Standard","SubType":"","Description":"Data Management","ID":"BL_9n6LlL1jc5ThYnc","BlockElements":[{"Type":"Question","QuestionID":"QID21"},{"Type":"Question","QuestionID":"QID22"},{"Type":"Question","QuestionID":"QID28"}]}}},{"SurveyID":"SV_bmiHSXmjz300adE","Element":"FL","PrimaryAttribute":"Survey Flow","SecondaryAttribute":null,"TertiaryAttribute":null,"Payload":{"Type":"Root","FlowID":"FL_1","Flow":[{"Type":"Standard","ID":"BL_3syqyWnPD2IKSFM","FlowID":"FL_3","Autofill":[]},{"ID":"BL_9n6LlL1jc5ThYnc","Type":"Standard","FlowID":"FL_5"}],"Properties":{"Count":5,"RemovedFieldsets":[]}}},{"SurveyID":"SV_bmiHSXmjz300adE","Element":"PL","PrimaryAttribute":"Preview Link","SecondaryAttribute":null,"TertiaryAttribute":null,"Payload":{"PreviewType":"Brand","PreviewID":"04d7ff26-3a79-40df-a404-b76344fdea4b"}},{"SurveyID":"SV_bmiHSXmjz300adE","Element":"RS","PrimaryAttribute":"RS_4MdE4y7lNI5gKHA","SecondaryAttribute":null,"TertiaryAttribute":null,"Payload":null},{"SurveyID":"SV_bmiHSXmjz300adE","Element":"SO","PrimaryAttribute":"Survey Options","SecondaryAttribute":null,"TertiaryAttribute":null,"Payload":{"BackButton":"false","SaveAndContinue":"true","SurveyProtection":"PublicSurvey","BallotBoxStuffingPrevention":"false","NoIndex":"Yes","SecureResponseFiles":"true","SurveyExpiration":"None","SurveyTermination":"DefaultMessage","Header":"","Footer":"","ProgressBarDisplay":"None","PartialData":"+1 week","ValidationMessage":"","PreviousButton":"","NextButton":"","SurveyTitle":"Qualtrics Survey | Qualtrics Experience Management","SkinLibrary":"cmich","SkinType":"MQ","Skin":"cmich_1","NewScoring":1,"SurveyMetaDescription":"The most powerful, simple and trusted way to gather experience data. Start your journey to experience management and try a free account today.","ProtectSelectionIds":true}},{"SurveyID":"SV_bmiHSXmjz300adE","Element":"SCO","PrimaryAttribute":"Scoring","SecondaryAttribute":null,"TertiaryAttribute":null,"Payload":{"ScoringCategories":[],"ScoringCategoryGroups":[],"ScoringSummaryCategory":null,"ScoringSummaryAfterQuestions":0,"ScoringSummaryAfterSurvey":0,"DefaultScoringCategory":null,"AutoScoringCategory":null}},{"SurveyID":"SV_bmiHSXmjz300adE","Element":"PROJ","PrimaryAttribute":"CORE","SecondaryAttribute":null,"TertiaryAttribute":"1.1.0","Payload":{"ProjectCategory":"CORE","SchemaVersion":"1.1.0"}},{"SurveyID":"SV_bmiHSXmjz300adE","Element":"STAT","PrimaryAttribute":"Survey Statistics","SecondaryAttribute":null,"TertiaryAttribute":null,"Payload":{"MobileCompatible":true,"ID":"Survey Statistics"}},{"SurveyID":"SV_bmiHSXmjz300adE","Element":"QC","PrimaryAttribute":"Survey Question Count","SecondaryAttribute":"28","TertiaryAttribute":null,"Payload":null},{"SurveyID":"SV_bmiHSXmjz300adE","Element":"SQ","PrimaryAttribute":"QID28","SecondaryAttribute":"Additional questions from participant addressed:","TertiaryAttribute":null,"Payload":{"QuestionText":"Additional questions from participant addressed:","DefaultChoices":false,"DataExportTag":"Q28","QuestionType":"TE","Selector":"SL","Configuration":{"QuestionDescriptionOption":"UseText"},"QuestionDescription":"Additional questions from participant addressed:","Validation":{"Settings":{"ForceResponse":"OFF","Type":"None"}},"GradingData":[],"Language":[],"NextChoiceId":4,"NextAnswerId":1,"SearchSource":{"AllowFreeResponse":"false"},"QuestionID":"QID28"}},{"SurveyID":"SV_bmiHSXmjz300adE","Element":"SQ","PrimaryAttribute":"QID27","SecondaryAttribute":"Alternative services and supports discussed","TertiaryAttribute":null,"Payload":{"QuestionText":"Alternative services and supports discussed","DefaultChoices":false,"DataExportTag":"Q27","QuestionID":"QID27","QuestionType":"TE","Selector":"SL","Configuration":{"QuestionDescriptionOption":"UseText"},"QuestionDescription":"Alternative services and supports discussed","Validation":{"Settings":{"ForceResponse":"OFF","Type":"None"}},"GradingData":[],"Language":[],"NextChoiceId":4,"NextAnswerId":1,"SearchSource":{"AllowFreeResponse":"false"}}},{"SurveyID":"SV_bmiHSXmjz300adE","Element":"SQ","PrimaryAttribute":"QID12","SecondaryAttribute":"Alternative treatments","TertiaryAttribute":null,"Payload":{"QuestionText":"Alternative treatments\n","DataExportTag":"Alternative_Treatments","QuestionID":"QID12","QuestionType":"MC","Selector":"MAVR","SubSelector":"TX","QuestionDescription":"Alternative treatments","Choices":{"1":{"Display":"Availability of community resources"},"2":{"Display":"Discuss additional options with case manager"},"3":{"Display":"Advocacy rescources"},"4":{"Display":"ABA criticism and alternative approaches"}},"ChoiceOrder":["1","2","3","4"],"Validation":{"Settings":{"Type":"None"}},"Language":[],"DataVisibility":{"Private":false,"Hidden":false},"Configuration":{"QuestionDescriptionOption":"UseText"},"NextChoiceId":5,"NextAnswerId":1}},{"SurveyID":"SV_bmiHSXmjz300adE","Element":"SQ","PrimaryAttribute":"QID2","SecondaryAttribute":"CaregiverID:","TertiaryAttribute":null,"Payload":{"QuestionText":"CaregiverID:\n\n","QuestionID":"QID2","QuestionType":"TE","Selector":"SL","QuestionDescription":"CaregiverID:","Validation":{"Settings":{"Type":"None"}},"Language":[],"SearchSource":{"AllowFreeResponse":"false"},"DataExportTag":"QID2"}},{"SurveyID":"SV_bmiHSXmjz300adE","Element":"SQ","PrimaryAttribute":"QID16","SecondaryAttribute":"Child assent","TertiaryAttribute":null,"Payload":{"QuestionText":"Child assent\n","DataExportTag":"Child_Assent","QuestionID":"QID16","QuestionType":"MC","Selector":"MAVR","SubSelector":"TX","QuestionDescription":"Child assent","Choices":{"1":{"Display":"Child Assent script read to child"},"2":{"Display":"Child verbally assented"},"3":{"Display":"Child refused assent"},"4":{"Display":"Child unable to engage in assent"},"5":{"Display":"Child provided written assent"}},"ChoiceOrder":["1","2","5","3","4"],"Validation":{"Settings":{"Type":"None"}},"Language":[],"DataVisibility":{"Private":false,"Hidden":false},"Configuration":{"QuestionDescriptionOption":"UseText"},"NextChoiceId":6,"NextAnswerId":1}},{"SurveyID":"SV_bmiHSXmjz300adE","Element":"SQ","PrimaryAttribute":"QID1","SecondaryAttribute":"Click to write the question text","TertiaryAttribute":null,"Payload":{"QuestionText":"Click to write the question text","DataExportTag":"Q1","QuestionType":"MC","Selector":"SAVR","SubSelector":"TX","Configuration":{"QuestionDescriptionOption":"UseText"},"QuestionDescription":"Click to write the question text","Choices":{"1":{"Display":"Click to write Choice 1"},"2":{"Display":"Click to write Choice 2"},"3":{"Display":"Click to write Choice 3"}},"ChoiceOrder":["1","2","3"],"Validation":{"Settings":{"ForceResponse":"OFF","Type":"None"}},"Language":[],"NextChoiceId":4,"NextAnswerId":1,"QuestionID":"QID1"}},{"SurveyID":"SV_bmiHSXmjz300adE","Element":"SQ","PrimaryAttribute":"QID17","SecondaryAttribute":"Click to write the question text","TertiaryAttribute":null,"Payload":{"QuestionText":"Click to write the question text","DefaultChoices":false,"DataExportTag":"Q17","QuestionType":"MC","Selector":"SAVR","SubSelector":"TX","Configuration":{"QuestionDescriptionOption":"UseText"},"QuestionDescription":"Click to write the question text","Choices":{"1":{"Display":"Click to write Choice 1"},"2":{"Display":"Click to write Choice 2"},"3":{"Display":"Click to write Choice 3"}},"ChoiceOrder":["1","2","3"],"Validation":{"Settings":{"ForceResponse":"OFF","Type":"None"}},"GradingData":[],"Language":[],"NextChoiceId":4,"NextAnswerId":1,"QuestionID":"QID17"}},{"SurveyID":"SV_bmiHSXmjz300adE","Element":"SQ","PrimaryAttribute":"QID18","SecondaryAttribute":"Click to write the question text","TertiaryAttribute":null,"Payload":{"QuestionText":"Click to write the question text","DefaultChoices":false,"DataExportTag":"Q18","QuestionType":"TE","Selector":"SL","Configuration":{"QuestionDescriptionOption":"UseText"},"QuestionDescription":"Click to write the question text","Validation":{"Settings":{"ForceResponse":"OFF","Type":"None"}},"GradingData":[],"Language":[],"NextChoiceId":4,"NextAnswerId":1,"SearchSource":{"AllowFreeResponse":"false"},"QuestionID":"QID18"}},{"SurveyID":"SV_bmiHSXmjz300adE","Element":"SQ","PrimaryAttribute":"QID19","SecondaryAttribute":"Click to write the question text","TertiaryAttribute":null,"Payload":{"QuestionText":"Click to write the question text","DefaultChoices":false,"DataExportTag":"Q19","QuestionType":"Matrix","Selector":"Likert","SubSelector":"SingleAnswer","Configuration":{"QuestionDescriptionOption":"UseText","TextPosition":"inline","ChoiceColumnWidth":25,"RepeatHeaders":"none","WhiteSpace":"OFF","MobileFirst":true},"QuestionDescription":"Click to write the question text","Choices":{"1":{"Display":"Click to write Statement 1"},"2":{"Display":"Click to write Statement 2"},"3":{"Display":"Click to write Statement 3"}},"ChoiceOrder":["1","2","3"],"Validation":{"Settings":{"ForceResponse":"OFF","Type":"None"}},"GradingData":[],"Language":[],"NextChoiceId":4,"NextAnswerId":4,"Answers":{"1":{"Display":"Click to write Scale Point 1"},"2":{"Display":"Click to write Scale Point 2"},"3":{"Display":"Click to write Scale Point 3"}},"AnswerOrder":["1","2","3"],"ChoiceDataExportTags":false,"QuestionID":"QID19"}},{"SurveyID":"SV_bmiHSXmjz300adE","Element":"SQ","PrimaryAttribute":"QID20","SecondaryAttribute":"Click to write the question text","TertiaryAttribute":null,"Payload":{"QuestionText":"Click to write the question text","DefaultChoices":false,"DataExportTag":"Q20","QuestionType":"TE","Selector":"FORM","Configuration":{"QuestionDescriptionOption":"UseText"},"QuestionDescription":"Click to write the question text","Choices":{"1":{"Display":"Click to write Choice 1"},"2":{"Display":"Click to write Choice 2"},"3":{"Display":"Click to write Choice 3"}},"ChoiceOrder":["1","2","3"],"Validation":{"Settings":{"ForceResponse":"OFF","Type":null}},"GradingData":[],"Language":[],"NextChoiceId":4,"NextAnswerId":1,"SearchSource":{"AllowFreeResponse":"false"},"QuestionID":"QID20"}},{"SurveyID":"SV_bmiHSXmjz300adE","Element":"SQ","PrimaryAttribute":"QID25","SecondaryAttribute":"Click to write the question text","TertiaryAttribute":null,"Payload":{"QuestionText":"Click to write the question text","DataExportTag":"Q25","QuestionType":"MC","Selector":"SAVR","SubSelector":"TX","Configuration":{"QuestionDescriptionOption":"UseText"},"QuestionDescription":"Click to write the question text","Choices":{"1":{"Display":"Click to write Choice 1"},"2":{"Display":"Click to write Choice 2"},"3":{"Display":"Click to write Choice 3"}},"ChoiceOrder":["1","2","3"],"Validation":{"Settings":{"ForceResponse":"OFF","Type":"None"}},"Language":[],"NextChoiceId":4,"NextAnswerId":1,"QuestionID":"QID25"}},{"SurveyID":"SV_bmiHSXmjz300adE","Element":"SQ","PrimaryAttribute":"QID14","SecondaryAttribute":"Contact information","TertiaryAttribute":null,"Payload":{"QuestionText":"Contact information\n","DataExportTag":"Contact_Info","QuestionID":"QID14","QuestionType":"MC","Selector":"MAVR","SubSelector":"TX","QuestionDescription":"Contact information","Choices":{"1":{"Display":"How to contact Primary Investigator"},"2":{"Display":"How to contact co-investigator"},"3":{"Display":"How to contact IRB"}},"ChoiceOrder":["1","2","3"],"Validation":{"Settings":{"Type":"None"}},"Language":[]}},{"SurveyID":"SV_bmiHSXmjz300adE","Element":"SQ","PrimaryAttribute":"QID22","SecondaryAttribute":"Contact Information Provided","TertiaryAttribute":null,"Payload":{"QuestionText":"Contact Information Provided","DefaultChoices":false,"DataExportTag":"Q22","QuestionType":"MC","Selector":"MAVR","SubSelector":"TX","Configuration":{"QuestionDescriptionOption":"UseText"},"QuestionDescription":"Contact Information Provided","Choices":{"1":{"Display":"How to contact Primary Investigator"},"2":{"Display":"How to contact co-Investigator"},"3":{"Display":"How to contact IRB"}},"ChoiceOrder":[1,2,3],"Validation":{"Settings":{"ForceResponse":"OFF","Type":"None"}},"GradingData":[],"Language":[],"NextChoiceId":4,"NextAnswerId":1,"QuestionID":"QID22"}},{"SurveyID":"SV_bmiHSXmjz300adE","Element":"SQ","PrimaryAttribute":"QID13","SecondaryAttribute":"Data","TertiaryAttribute":null,"Payload":{"QuestionText":"Data\n","DataExportTag":"Data","QuestionID":"QID13","QuestionType":"MC","Selector":"MAVR","SubSelector":"TX","QuestionDescription":"Data","Choices":{"1":{"Display":"De-identified data may be used in the future for research or training with a wide audience."},"2":{"Display":"Following withdraw, data will be analyzed unless requested to delete"}},"ChoiceOrder":["1","2"],"Validation":{"Settings":{"Type":"None"}},"Language":[]}},{"SurveyID":"SV_bmiHSXmjz300adE","Element":"SQ","PrimaryAttribute":"QID21","SecondaryAttribute":"Data Management","TertiaryAttribute":null,"Payload":{"QuestionText":"Data Management","DefaultChoices":false,"DataExportTag":"Q21","QuestionType":"MC","Selector":"MAVR","SubSelector":"TX","Configuration":{"QuestionDescriptionOption":"UseText"},"QuestionDescription":"Data Management","Choices":{"1":{"Display":"Caregivers can remove parts of the video."},"2":{"Display":"Videos are kept safe with a password."},"3":{"Display":"Only approved researchers can see the recordings."},"4":{"Display":"Data is used unless a participant says to delete it after leaving the study."},"5":{"Display":"Videos will have faces blurred or be deleted within two weeks after the study is approved."},"6":{"Display":"Blurred videos may shared publicily for educational purposes"},"7":{"Display":"Personal info is removed within two weeks after data gathering ends."},"8":{"Display":"Non-personal data is kept for future use by the research leaders."},"9":{"Display":"All communication will be deleted within two weeks after the debriefing, and participants should do the same."}},"ChoiceOrder":[1,2,3,4,5,6,7,8,9],"Validation":{"Settings":{"ForceResponse":"OFF","Type":"None"}},"GradingData":[],"Language":[],"NextChoiceId":10,"NextAnswerId":1,"QuestionID":"QID21"}},{"SurveyID":"SV_bmiHSXmjz300adE","Element":"SQ","PrimaryAttribute":"QID4","SecondaryAttribute":"Date of meeting with caregiver and researcher:","TertiaryAttribute":null,"Payload":{"QuestionText":"Date of meeting with caregiver and researcher:\n\n","QuestionID":"QID4","QuestionType":"TE","Selector":"SL","QuestionDescription":"Date of meeting with caregiver and researcher:","Validation":{"Settings":{"Type":"None"}},"Language":[],"SearchSource":{"AllowFreeResponse":"false"},"DataExportTag":"QID4"}},{"SurveyID":"SV_bmiHSXmjz300adE","Element":"SQ","PrimaryAttribute":"QID3","SecondaryAttribute":"Date of online consent:","TertiaryAttribute":null,"Payload":{"QuestionText":"Date of online consent:\n\n","QuestionID":"QID3","QuestionType":"TE","Selector":"SL","QuestionDescription":"Date of online consent:","Validation":{"Settings":{"Type":"None"}},"Language":[],"SearchSource":{"AllowFreeResponse":"false"},"DataExportTag":"QID3"}},{"SurveyID":"SV_bmiHSXmjz300adE","Element":"SQ","PrimaryAttribute":"QID24","SecondaryAttribute":"Early withdrawal","TertiaryAttribute":null,"Payload":{"QuestionText":"Early withdrawal","DataExportTag":"Q24","QuestionType":"MC","Selector":"SAVR","SubSelector":"TX","Configuration":{"QuestionDescriptionOption":"UseText"},"QuestionDescription":"Early withdrawal","Choices":{"1":{"Display":"Yes"},"2":{"Display":"No"}},"ChoiceOrder":[1,2],"Validation":{"Settings":{"ForceResponse":"OFF","Type":"None"}},"Language":[],"NextChoiceId":3,"NextAnswerId":1,"QuestionID":"QID24"}},{"SurveyID":"SV_bmiHSXmjz300adE","Element":"SQ","PrimaryAttribute":"QID15","SecondaryAttribute":"Informed consent participation","TertiaryAttribute":null,"Payload":{"QuestionText":"Informed consent participation\n","DataExportTag":"Informed_Consent_Participation","QuestionID":"QID15","QuestionType":"MC","Selector":"MAVR","SubSelector":"TX","QuestionDescription":"Informed consent participation","Choices":{"1":{"Display":"Caregiver provided opportunity to ask questions"},"2":{"Display":"Questions asked by Caregiver"}},"ChoiceOrder":["1","2"],"Validation":{"Settings":{"Type":"None"}},"Language":[]}},{"SurveyID":"SV_bmiHSXmjz300adE","Element":"SQ","PrimaryAttribute":"QID23","SecondaryAttribute":"Meeting Platform","TertiaryAttribute":null,"Payload":{"QuestionText":"Meeting Platform","DataExportTag":"Q23","QuestionType":"MC","Selector":"SAVR","SubSelector":"TX","Configuration":{"QuestionDescriptionOption":"UseText"},"QuestionDescription":"Meeting Platform","Choices":{"1":{"Display":"Phone"},"2":{"Display":"Virtual"},"3":{"Display":"In person"}},"ChoiceOrder":["1","2","3"],"Validation":{"Settings":{"ForceResponse":"OFF","Type":"None"}},"Language":[],"NextChoiceId":4,"NextAnswerId":1,"QuestionID":"QID23"}},{"SurveyID":"SV_bmiHSXmjz300adE","Element":"SQ","PrimaryAttribute":"QID5","SecondaryAttribute":"Paper copy of informed consent materials provided:","TertiaryAttribute":null,"Payload":{"QuestionText":"Paper copy of informed consent materials provided:\n","DataExportTag":"Paper_Copy","QuestionID":"QID5","QuestionType":"MC","Selector":"MAVR","SubSelector":"TX","QuestionDescription":"Paper copy of informed consent materials provided:","Choices":{"1":{"Display":"Yes"},"2":{"Display":"No"}},"ChoiceOrder":["1","2"],"Validation":{"Settings":{"Type":"None"}},"Language":[]}},{"SurveyID":"SV_bmiHSXmjz300adE","Element":"SQ","PrimaryAttribute":"QID10","SecondaryAttribute":"Participation","TertiaryAttribute":null,"Payload":{"QuestionText":"Participation\n","DataExportTag":"Participation","QuestionID":"QID10","QuestionType":"MC","Selector":"MAVR","SubSelector":"TX","QuestionDescription":"Participation","Choices":{"1":{"Display":"Caregiver may withdraw from study at any time"},"2":{"Display":"No penalty of withdraw"},"3":{"Display":"Refer to case manager or additional resources"},"4":{"Display":"Meet to discuss with researcher regarding withdraw"}},"ChoiceOrder":["1","2","3","4"],"Validation":{"Settings":{"Type":"None"}},"Language":[]}},{"SurveyID":"SV_bmiHSXmjz300adE","Element":"SQ","PrimaryAttribute":"QID11","SecondaryAttribute":"Payment","TertiaryAttribute":null,"Payload":{"QuestionText":"Payment\n","DataExportTag":"Payment","QuestionID":"QID11","QuestionType":"MC","Selector":"MAVR","SubSelector":"TX","QuestionDescription":"Payment","Choices":{"1":{"Display":"Caregiver identifies no payment for participation"}},"ChoiceOrder":["1"],"Validation":{"Settings":{"Type":"None"}},"Language":[]}},{"SurveyID":"SV_bmiHSXmjz300adE","Element":"SQ","PrimaryAttribute":"QID9","SecondaryAttribute":"Potential Benefits","TertiaryAttribute":null,"Payload":{"QuestionText":"Potential Benefits\n","DataExportTag":"Potential_Benefits","QuestionID":"QID9","QuestionType":"MC","Selector":"MAVR","SubSelector":"TX","QuestionDescription":"Potential Benefits","Choices":{"1":{"Display":"Caregiver may increase ability to deliver effective directions"},"2":{"Display":"Child may increase direction following abilities"}},"ChoiceOrder":["1","2"],"Validation":{"Settings":{"Type":"None"}},"Language":[]}},{"SurveyID":"SV_bmiHSXmjz300adE","Element":"SQ","PrimaryAttribute":"QID8","SecondaryAttribute":"Potential risks of the study","TertiaryAttribute":null,"Payload":{"QuestionText":"Potential risks of the study\n","DataExportTag":"Potential_Risks","QuestionID":"QID8","QuestionType":"MC","Selector":"MAVR","SubSelector":"TX","QuestionDescription":"Potential risks of the study","Choices":{"1":{"Display":"Audio and video recordings of caregiver and child sessions will be digitally stored."},"2":{"Display":"Inadvertent recording of others"},"3":{"Display":"Caregiver has option to delete sections of video recording"},"4":{"Display":"Recordings will be transported and stored in a secure location"},"5":{"Display":"Primary investigator, co-investigator, and research assistants will have access to audio and video recording"},"6":{"Display":"Recordings will be masked or deleted following the completion of the data analysis."},"7":{"Display":"Masked recordings will be shared with a wide audience"},"8":{"Display":"Their child may become frustrated with the procedures"},"9":{"Display":"Study will be halted and injuries will be evaluated if they occur"},"10":{"Display":"The researcher is a mandatory reporter"},"11":{"Display":"Elder abuse or child abuse is occurring"},"12":{"Display":"Caregiver at risk for being suicidal or otherwise harming self"},"13":{"Display":"Incur cost from using data on phone"},"14":{"Display":"Communication with Researcher and Caregiver may be overheard or read"},"15":{"Display":"Verbal communication (call\/video) should be used whenever possible"}},"ChoiceOrder":[1,2,3,4,5,6,7,8,9,10,11,12,13,14,15],"Validation":{"Settings":{"Type":"None"}},"Language":[],"DataVisibility":{"Private":false,"Hidden":false},"Configuration":{"QuestionDescriptionOption":"UseText"},"NextChoiceId":16,"NextAnswerId":1}},{"SurveyID":"SV_bmiHSXmjz300adE","Element":"SQ","PrimaryAttribute":"QID7","SecondaryAttribute":"Procedure of study:","TertiaryAttribute":null,"Payload":{"QuestionText":"Procedure of study:\n","DataExportTag":"Procedure","QuestionID":"QID7","QuestionType":"MC","Selector":"MAVR","SubSelector":"TX","QuestionDescription":"Procedure of study:","Choices":{"1":{"Display":"Watching videos of guided compliance"},"2":{"Display":"Answering questions about guided compliance"},"3":{"Display":"Practicing the guided compliance procedure with researcher"},"4":{"Display":"Trying the guided compliance procedure with their own child"},"5":{"Display":"Estimated timeline of 10 and 22 hours spread across five to 11 weeks."}},"ChoiceOrder":["1","2","3","4","5"],"Validation":{"Settings":{"Type":"None"}},"Language":[]}},{"SurveyID":"SV_bmiHSXmjz300adE","Element":"SQ","PrimaryAttribute":"QID6","SecondaryAttribute":"Purpose of study:","TertiaryAttribute":null,"Payload":{"QuestionText":"Purpose of study:\n","DataExportTag":"Purpose","QuestionID":"QID6","QuestionType":"MC","Selector":"MAVR","SubSelector":"TX","QuestionDescription":"Purpose of study:","Choices":{"1":{"Display":"Use of technology"},"2":{"Display":"Guided compliance procedure"},"3":{"Display":"With their children"}},"ChoiceOrder":["1","2","3"],"Validation":{"Settings":{"Type":"None"}},"Language":[]}},{"SurveyID":"SV_bmiHSXmjz300adE","Element":"SQ","PrimaryAttribute":"QID26","SecondaryAttribute":"Reason for early withdrawal","TertiaryAttribute":null,"Payload":{"QuestionText":"Reason for early withdrawal<br>","DefaultChoices":false,"DataExportTag":"Q26","QuestionID":"QID26","QuestionType":"TE","Selector":"SL","Configuration":{"QuestionDescriptionOption":"UseText"},"QuestionDescription":"Reason for early withdrawal","Validation":{"Settings":{"ForceResponse":"OFF","Type":"None"}},"GradingData":[],"Language":[],"NextChoiceId":4,"NextAnswerId":1,"SearchSource":{"AllowFreeResponse":"false"}}}]}