{"SurveyEntry":{"SurveyID":"SV_dmStMeepuflc1ym","SurveyName":"2023-247 TechPT - Caregiver Social Validity","SurveyDescription":null,"SurveyOwnerID":"UR_6LQU98uGKnACTOt","SurveyBrandID":"cmich","DivisionID":"DV_55fMKHgc4U7VeMR","SurveyLanguage":"EN","SurveyActiveResponseSet":"RS_eYb19BLm5Mda7au","SurveyStatus":"Inactive","SurveyStartDate":"0000-00-00 00:00:00","SurveyExpirationDate":"0000-00-00 00:00:00","SurveyCreationDate":"2024-05-02 08:34:24","CreatorID":"UR_6LQU98uGKnACTOt","LastModified":"2024-12-04 10:41:56","LastAccessed":"0000-00-00 00:00:00","LastActivated":"2024-05-02 22:41:08","Deleted":null},"SurveyElements":[{"SurveyID":"SV_dmStMeepuflc1ym","Element":"BL","PrimaryAttribute":"Survey Blocks","SecondaryAttribute":null,"TertiaryAttribute":null,"Payload":[{"Type":"Default","Description":"Default Question Block","ID":"BL_eDKAFfZ42lWiJfw","BlockElements":[{"Type":"Question","QuestionID":"QID9"},{"Type":"Page Break"},{"Type":"Question","QuestionID":"QID1"},{"Type":"Page Break"},{"Type":"Question","QuestionID":"QID2"},{"Type":"Page Break"},{"Type":"Question","QuestionID":"QID4"},{"Type":"Page Break"},{"Type":"Question","QuestionID":"QID3"},{"Type":"Page Break"},{"Type":"Question","QuestionID":"QID10"},{"Type":"Page Break"},{"Type":"Question","QuestionID":"QID5"},{"Type":"Question","QuestionID":"QID8"},{"Type":"Question","QuestionID":"QID6"},{"Type":"Question","QuestionID":"QID7"}],"Options":{"BlockLocking":"false","RandomizeQuestions":"false","BlockVisibility":"Expanded"}},{"Type":"Trash","Description":"Trash \/ Unused Questions","ID":"BL_2taN3GHWizrQFU2"}]},{"SurveyID":"SV_dmStMeepuflc1ym","Element":"FL","PrimaryAttribute":"Survey Flow","SecondaryAttribute":null,"TertiaryAttribute":null,"Payload":{"Type":"Root","FlowID":"FL_1","Flow":[{"Type":"EmbeddedData","FlowID":"FL_3","EmbeddedData":[{"Description":"CaregiverID","Type":"Custom","Field":"CaregiverID","VariableType":"String","DataVisibility":[],"AnalyzeText":false,"Value":"${e:\/\/Field\/CaregiverID}"},{"Description":"PrePost","Type":"Custom","Field":"PrePost","VariableType":"String","DataVisibility":[],"AnalyzeText":false,"Value":"${e:\/\/Field\/PrePost}"}]},{"Type":"Block","ID":"BL_eDKAFfZ42lWiJfw","FlowID":"FL_2","Autofill":[]}],"Properties":{"Count":3,"RemovedFieldsets":[]}}},{"SurveyID":"SV_dmStMeepuflc1ym","Element":"PL","PrimaryAttribute":"Preview Link","SecondaryAttribute":null,"TertiaryAttribute":null,"Payload":{"PreviewType":"Brand","PreviewID":"e1c44a36-e542-40a6-b5b4-c121d069fb8b"}},{"SurveyID":"SV_dmStMeepuflc1ym","Element":"SO","PrimaryAttribute":"Survey Options","SecondaryAttribute":null,"TertiaryAttribute":null,"Payload":{"BackButton":"false","SaveAndContinue":"true","SurveyProtection":"PublicSurvey","BallotBoxStuffingPrevention":"false","NoIndex":"Yes","SecureResponseFiles":"true","SurveyExpiration":"None","SurveyTermination":"DefaultMessage","Header":"","Footer":"","ProgressBarDisplay":"None","PartialData":"+1 week","ValidationMessage":"","PreviousButton":"","NextButton":"","SurveyTitle":"Qualtrics Survey | Qualtrics Experience Management","SkinLibrary":"Qualtrics","SkinType":"templated","Skin":{"brandingId":null,"templateId":"*base","overrides":null},"NewScoring":1,"SurveyMetaDescription":"The most powerful, simple and trusted way to gather experience data. Start your journey to experience management and try a free account today.","SurveyName":"2023-247 TechPT - Caregiver Social Validity","ProtectSelectionIds":true}},{"SurveyID":"SV_dmStMeepuflc1ym","Element":"SCO","PrimaryAttribute":"Scoring","SecondaryAttribute":null,"TertiaryAttribute":null,"Payload":{"ScoringCategories":[],"ScoringCategoryGroups":[],"ScoringSummaryCategory":null,"ScoringSummaryAfterQuestions":0,"ScoringSummaryAfterSurvey":0,"DefaultScoringCategory":null,"AutoScoringCategory":null}},{"SurveyID":"SV_dmStMeepuflc1ym","Element":"PROJ","PrimaryAttribute":"CORE","SecondaryAttribute":null,"TertiaryAttribute":"1.1.0","Payload":{"ProjectCategory":"CORE","SchemaVersion":"1.1.0"}},{"SurveyID":"SV_dmStMeepuflc1ym","Element":"STAT","PrimaryAttribute":"Survey Statistics","SecondaryAttribute":null,"TertiaryAttribute":null,"Payload":{"MobileCompatible":true,"ID":"Survey Statistics"}},{"SurveyID":"SV_dmStMeepuflc1ym","Element":"QC","PrimaryAttribute":"Survey Question Count","SecondaryAttribute":"10","TertiaryAttribute":null,"Payload":null},{"SurveyID":"SV_dmStMeepuflc1ym","Element":"SQ","PrimaryAttribute":"QID8","SecondaryAttribute":"Briefly describe your experience in giving directions to your focus child following the Effective...","TertiaryAttribute":null,"Payload":{"QuestionText":"Briefly describe your experience in giving directions to your focus child following the&nbsp;Effective Direction Checklist Training Program.","DefaultChoices":false,"DataExportTag":"Q8","QuestionType":"TE","Selector":"ML","DataVisibility":{"Private":false,"Hidden":false},"Configuration":{"QuestionDescriptionOption":"UseText"},"QuestionDescription":"Briefly describe your experience in giving directions to your focus child following the Effective...","DisplayLogic":{"0":{"0":{"Description":"<span class=\"ConjDesc\">If<\/span>  <span class=\"LeftOpDesc\">PrePost<\/span> <span class=\"OpDesc\">Is Equal to<\/span> <span class=\"RightOpDesc\"> 1_POST <\/span>","LeftOperand":"PrePost","LogicType":"EmbeddedField","Operator":"EqualTo","RightOperand":"1_POST","Type":"Expression"},"Type":"If"},"Type":"BooleanExpression","inPage":false},"Validation":{"Settings":{"ForceResponse":"OFF","Type":"None"}},"GradingData":[],"Language":[],"NextChoiceId":4,"NextAnswerId":1,"SearchSource":{"AllowFreeResponse":"false"},"QuestionID":"QID8"}},{"SurveyID":"SV_dmStMeepuflc1ym","Element":"RS","PrimaryAttribute":"RS_eYb19BLm5Mda7au","SecondaryAttribute":"Default Response Set","TertiaryAttribute":null,"Payload":null},{"SurveyID":"SV_dmStMeepuflc1ym","Element":"SQ","PrimaryAttribute":"QID6","SecondaryAttribute":"Describe any specific features of the Effecitve Direction Checklist Training Program that were es...","TertiaryAttribute":null,"Payload":{"QuestionText":"Describe any specific features of the Effecitve Direction Checklist Training Program that were especially helpful or challenging.","DefaultChoices":false,"DataExportTag":"Post-Exp","QuestionID":"QID6","QuestionType":"TE","Selector":"ML","DataVisibility":{"Private":false,"Hidden":false},"Configuration":{"QuestionDescriptionOption":"UseText"},"QuestionDescription":"Describe any specific features of the Effecitve Direction Checklist Training Program that were es...","Validation":{"Settings":{"ForceResponse":"OFF","Type":"None"}},"GradingData":[],"Language":[],"NextChoiceId":4,"NextAnswerId":1,"SearchSource":{"AllowFreeResponse":"false"},"DisplayLogic":{"0":{"0":{"LogicType":"EmbeddedField","LeftOperand":"PrePost","Operator":"EqualTo","RightOperand":"1_POST","Type":"Expression","Description":"<span class=\"ConjDesc\">If<\/span>  <span class=\"LeftOpDesc\">PrePost<\/span> <span class=\"OpDesc\">Is Equal to<\/span> <span class=\"RightOpDesc\"> 1_POST <\/span>"},"Type":"If"},"Type":"BooleanExpression","inPage":false}}},{"SurveyID":"SV_dmStMeepuflc1ym","Element":"SQ","PrimaryAttribute":"QID10","SecondaryAttribute":"Lastly, you will be asked 1 to 3 questions related to the study. ","TertiaryAttribute":null,"Payload":{"QuestionText":"Lastly, you will be asked 1 to 3 questions related to the study.&nbsp;","DefaultChoices":false,"DataExportTag":"Q10","QuestionID":"QID10","QuestionType":"DB","Selector":"TB","DataVisibility":{"Private":false,"Hidden":false},"Configuration":{"QuestionDescriptionOption":"UseText"},"QuestionDescription":"Lastly, you will be asked 1 to 3 questions related to the study. ","ChoiceOrder":[],"Validation":{"Settings":{"Type":"None"}},"GradingData":[],"Language":[],"NextChoiceId":4,"NextAnswerId":1}},{"SurveyID":"SV_dmStMeepuflc1ym","Element":"SQ","PrimaryAttribute":"QID1","SecondaryAttribute":"Placing the slider further to the left indicates less agreement with the statement and to the rig...","TertiaryAttribute":null,"Payload":{"QuestionText":"Placing the slider further to the left indicates less agreement with the statement and to the right indicates more agreement.","DefaultChoices":false,"DataExportTag":"Q1","QuestionID":"QID1","QuestionType":"Slider","Selector":"HSLIDER","DataVisibility":{"Private":false,"Hidden":false},"Configuration":{"QuestionDescriptionOption":"UseText","CSSliderMin":0,"CSSliderMax":100,"GridLines":0,"NumDecimals":"0","ShowValue":false,"CustomStart":true,"NotApplicable":false,"MobileFirst":true,"SliderStartPositions":{"1":0.478076379066478096557801791277597658336162567138671875},"SnapToGrid":false},"QuestionDescription":"Placing the slider further to the left indicates less agreement with the statement and to the rig...","Choices":{"1":{"Display":"I feel comfortable providing directions to my focus child"}},"ChoiceOrder":[1],"Validation":{"Settings":{"ForceResponse":"OFF","Type":"None"}},"GradingData":[],"Language":[],"NextChoiceId":2,"NextAnswerId":3,"Labels":{"1":{"Display":"Strongly Disagree"},"2":{"Display":"Strongly agree"}}}},{"SurveyID":"SV_dmStMeepuflc1ym","Element":"SQ","PrimaryAttribute":"QID2","SecondaryAttribute":"Placing the slider further to the left indicates less agreement with the statement and to the rig...","TertiaryAttribute":null,"Payload":{"QuestionText":"Placing the slider further to the left indicates less agreement with the statement and to the right indicates more agreement.","DefaultChoices":false,"DataExportTag":"Q2","QuestionType":"Slider","Selector":"HSLIDER","DataVisibility":{"Private":false,"Hidden":false},"Configuration":{"QuestionDescriptionOption":"UseText","CSSliderMin":0,"CSSliderMax":100,"GridLines":0,"SnapToGrid":false,"NumDecimals":"0","ShowValue":false,"CustomStart":true,"NotApplicable":false,"MobileFirst":true,"SliderStartPositions":{"1":0.5}},"QuestionDescription":"Placing the slider further to the left indicates less agreement with the statement and to the rig...","Choices":{"1":{"Display":"I feel confident that my focus child will follow my directions"}},"ChoiceOrder":[1],"Validation":{"Settings":{"ForceResponse":"OFF","Type":"None"}},"GradingData":[],"Language":[],"NextChoiceId":2,"NextAnswerId":3,"Labels":{"1":{"Display":"Strongly Disagree"},"2":{"Display":"Strongly Agree"}},"QuestionID":"QID2"}},{"SurveyID":"SV_dmStMeepuflc1ym","Element":"SQ","PrimaryAttribute":"QID3","SecondaryAttribute":"Placing the slider further to the left indicates less agreement with the statement and to the rig...","TertiaryAttribute":null,"Payload":{"QuestionText":"Placing the slider further to the left indicates less agreement with the statement and to the right indicates more agreement.","DefaultChoices":false,"DataExportTag":"Q3","QuestionType":"Slider","Selector":"HSLIDER","DataVisibility":{"Private":false,"Hidden":false},"Configuration":{"QuestionDescriptionOption":"UseText","CSSliderMin":0,"CSSliderMax":100,"GridLines":0,"SnapToGrid":false,"NumDecimals":"0","ShowValue":false,"CustomStart":true,"NotApplicable":false,"MobileFirst":true,"SliderStartPositions":{"1":0.5}},"QuestionDescription":"Placing the slider further to the left indicates less agreement with the statement and to the rig...","Choices":{"1":{"Display":"I know what to do when my focus child refuses to follow my directions"}},"ChoiceOrder":[1],"Validation":{"Settings":{"ForceResponse":"OFF","Type":"None"}},"GradingData":[],"Language":[],"NextChoiceId":2,"NextAnswerId":3,"Labels":{"1":{"Display":"Strongly Disagree"},"2":{"Display":"Strongly agree"}},"QuestionID":"QID3"}},{"SurveyID":"SV_dmStMeepuflc1ym","Element":"SQ","PrimaryAttribute":"QID4","SecondaryAttribute":"Placing the slider further to the left indicates less agreement with the statement and to the rig...","TertiaryAttribute":null,"Payload":{"QuestionText":"Placing the slider further to the left indicates less agreement with the statement and to the right indicates more agreement.","DefaultChoices":false,"DataExportTag":"Q4","QuestionType":"Slider","Selector":"HSLIDER","DataVisibility":{"Private":false,"Hidden":false},"Configuration":{"QuestionDescriptionOption":"UseText","CSSliderMin":0,"CSSliderMax":100,"GridLines":0,"SnapToGrid":false,"NumDecimals":"0","ShowValue":false,"CustomStart":true,"NotApplicable":false,"MobileFirst":true,"SliderStartPositions":{"1":0.5}},"QuestionDescription":"Placing the slider further to the left indicates less agreement with the statement and to the rig...","Choices":{"1":{"Display":"I must repeat myself over and over to get my focus child to follow my directions"}},"ChoiceOrder":[1],"Validation":{"Settings":{"ForceResponse":"OFF","Type":"None"}},"GradingData":[],"Language":[],"NextChoiceId":2,"NextAnswerId":3,"Labels":{"1":{"Display":"Strongly Disagree"},"2":{"Display":"Strongly Agree"}},"QuestionID":"QID4"}},{"SurveyID":"SV_dmStMeepuflc1ym","Element":"SQ","PrimaryAttribute":"QID5","SecondaryAttribute":"Please briefly describe your experience in giving directions to your focus child.","TertiaryAttribute":null,"Payload":{"QuestionText":"Please briefly describe your experience in giving directions to your focus child.","DefaultChoices":false,"DataExportTag":"Pre-Exp","QuestionID":"QID5","QuestionType":"TE","Selector":"ML","DataVisibility":{"Private":false,"Hidden":false},"Configuration":{"QuestionDescriptionOption":"UseText"},"QuestionDescription":"Please briefly describe your experience in giving directions to your focus child.","Validation":{"Settings":{"ForceResponse":"OFF","Type":"None"}},"GradingData":[],"Language":[],"NextChoiceId":4,"NextAnswerId":1,"SearchSource":{"AllowFreeResponse":"false"},"DisplayLogic":{"0":{"0":{"Description":"<span class=\"ConjDesc\">If<\/span>  <span class=\"LeftOpDesc\">PrePost<\/span> <span class=\"OpDesc\">Is Equal to<\/span> <span class=\"RightOpDesc\"> 0_PRE <\/span>","LeftOperand":"PrePost","LogicType":"EmbeddedField","Operator":"EqualTo","RightOperand":"0_PRE","Type":"Expression"},"Type":"If"},"Type":"BooleanExpression","inPage":false}}},{"SurveyID":"SV_dmStMeepuflc1ym","Element":"SQ","PrimaryAttribute":"QID7","SecondaryAttribute":"What would you tell another caregiver about your experience with the Effective Direction Checklis...","TertiaryAttribute":null,"Payload":{"QuestionText":"What would you tell another caregiver about your experience with the Effective Direction Checklist Training Program?","DefaultChoices":false,"DataExportTag":"Post-Share","QuestionType":"TE","Selector":"ML","DataVisibility":{"Private":false,"Hidden":false},"Configuration":{"QuestionDescriptionOption":"UseText"},"QuestionDescription":"What would you tell another caregiver about your experience with the Effective Direction Checklis...","DisplayLogic":{"0":{"0":{"Description":"<span class=\"ConjDesc\">If<\/span>  <span class=\"LeftOpDesc\">PrePost<\/span> <span class=\"OpDesc\">Is Equal to<\/span> <span class=\"RightOpDesc\"> 1_POST <\/span>","LeftOperand":"PrePost","LogicType":"EmbeddedField","Operator":"EqualTo","RightOperand":"1_POST","Type":"Expression"},"Type":"If"},"Type":"BooleanExpression","inPage":false},"Validation":{"Settings":{"ForceResponse":"OFF","Type":"None"}},"GradingData":[],"Language":[],"NextChoiceId":4,"NextAnswerId":1,"SearchSource":{"AllowFreeResponse":"false"},"QuestionID":"QID7"}},{"SurveyID":"SV_dmStMeepuflc1ym","Element":"SQ","PrimaryAttribute":"QID9","SecondaryAttribute":"Your input is valuable. You will be asked to indicate your level of agreement with four statement...","TertiaryAttribute":null,"Payload":{"QuestionText":"Your input is valuable.<br><br>You will be asked to indicate your level of agreement with four statements. Move the slider on the next page to indicate your agreement with each statement.<br><br><br><br>","DefaultChoices":false,"DataExportTag":"Q9","QuestionID":"QID9","QuestionType":"DB","Selector":"TB","DataVisibility":{"Private":false,"Hidden":false},"Configuration":{"QuestionDescriptionOption":"UseText"},"QuestionDescription":"Your input is valuable. You will be asked to indicate your level of agreement with four statement...","ChoiceOrder":[],"Validation":{"Settings":{"Type":"None"}},"GradingData":[],"Language":[],"NextChoiceId":4,"NextAnswerId":1}}]}